
Microsoft Visual Studio Solution File, Format Version 12.00
# Visual Studio Version 17
VisualStudioVersion = 17.14.36301.6 d17.14
MinimumVisualStudioVersion = 10.0.40219.1
Project("{FAE04EC0-301F-11D3-BF4B-00C04F79EFBC}") = "Cheviren", "Cheviren\Cheviren.csproj", "{A2E38CBC-4027-4821-8EE7-F16A1E68914E}"
EndProject
Global
	GlobalSection(SolutionConfigurationPlatforms) = preSolution
		Debug|Any CPU = Debug|Any CPU
		Release|Any CPU = Release|Any CPU
	EndGlobalSection
	GlobalSection(ProjectConfigurationPlatforms) = postSolution
		{A2E38CBC-4027-4821-8EE7-F16A1E68914E}.Debug|Any CPU.ActiveCfg = Debug|Any CPU
		{A2E38CBC-4027-4821-8EE7-F16A1E68914E}.Debug|Any CPU.Build.0 = Debug|Any CPU
		{A2E38CBC-4027-4821-8EE7-F16A1E68914E}.Release|Any CPU.ActiveCfg = Release|Any CPU
		{A2E38CBC-4027-4821-8EE7-F16A1E68914E}.Release|Any CPU.Build.0 = Release|Any CPU
	EndGlobalSection
	GlobalSection(SolutionProperties) = preSolution
		HideSolutionNode = FALSE
	EndGlobalSection
	GlobalSection(ExtensibilityGlobals) = postSolution
		SolutionGuid = {2CB76F03-D71E-4C1A-BDC4-B8096D54E86D}
	EndGlobalSection
EndGlobal
